
Microsoft Visual Studio Solution File, Format Version 12.00
# Visual Studio Version 17
VisualStudioVersion = 17.1.32319.34
MinimumVisualStudioVersion = 10.0.40219.1
Project("{9A19103F-16F7-4668-BE54-9A1E7A4F7556}") = "FictitiousSchool", "FictitiousSchool\FictitiousSchool.csproj", "{50E59C7C-EE32-46F1-AEE3-881B2718C5C8}"
EndProject
Project("{FAE04EC0-301F-11D3-BF4B-00C04F79EFBC}") = "FictitiousSchool.Tests", "FictitiousSchool.Tests\FictitiousSchool.Tests.csproj", "{BBD39A3B-88E2-41F3-85F5-201DCC3E5C1D}"
EndProject
Global
	GlobalSection(SolutionConfigurationPlatforms) = preSolution
		Debug|Any CPU = Debug|Any CPU
		Release|Any CPU = Release|Any CPU
	EndGlobalSection
	GlobalSection(ProjectConfigurationPlatforms) = postSolution
		{50E59C7C-EE32-46F1-AEE3-881B2718C5C8}.Debug|Any CPU.ActiveCfg = Debug|Any CPU
		{50E59C7C-EE32-46F1-AEE3-881B2718C5C8}.Debug|Any CPU.Build.0 = Debug|Any CPU
		{50E59C7C-EE32-46F1-AEE3-881B2718C5C8}.Release|Any CPU.ActiveCfg = Release|Any CPU
		{50E59C7C-EE32-46F1-AEE3-881B2718C5C8}.Release|Any CPU.Build.0 = Release|Any CPU
		{BBD39A3B-88E2-41F3-85F5-201DCC3E5C1D}.Debug|Any CPU.ActiveCfg = Debug|Any CPU
		{BBD39A3B-88E2-41F3-85F5-201DCC3E5C1D}.Debug|Any CPU.Build.0 = Debug|Any CPU
		{BBD39A3B-88E2-41F3-85F5-201DCC3E5C1D}.Release|Any CPU.ActiveCfg = Release|Any CPU
		{BBD39A3B-88E2-41F3-85F5-201DCC3E5C1D}.Release|Any CPU.Build.0 = Release|Any CPU
	EndGlobalSection
	GlobalSection(SolutionProperties) = preSolution
		HideSolutionNode = FALSE
	EndGlobalSection
	GlobalSection(ExtensibilityGlobals) = postSolution
		SolutionGuid = {BD53A49B-6730-40E7-B4EE-142C2CCB4DEE}
	EndGlobalSection
EndGlobal
